
Microsoft Visual Studio Solution File, Format Version 12.00
# Visual Studio 15
VisualStudioVersion = 15.0.28010.2036
MinimumVisualStudioVersion = 10.0.40219.1
Project("{FAE04EC0-301F-11D3-BF4B-00C04F79EFBC}") = "StackAndQueue", "StackAndQueue\StackAndQueue.csproj", "{0D19C25D-59AC-43C5-84D8-3337568D6331}"
EndProject
Global
	GlobalSection(SolutionConfigurationPlatforms) = preSolution
		Debug|Any CPU = Debug|Any CPU
		Release|Any CPU = Release|Any CPU
	EndGlobalSection
	GlobalSection(ProjectConfigurationPlatforms) = postSolution
		{0D19C25D-59AC-43C5-84D8-3337568D6331}.Debug|Any CPU.ActiveCfg = Debug|Any CPU
		{0D19C25D-59AC-43C5-84D8-3337568D6331}.Debug|Any CPU.Build.0 = Debug|Any CPU
		{0D19C25D-59AC-43C5-84D8-3337568D6331}.Release|Any CPU.ActiveCfg = Release|Any CPU
		{0D19C25D-59AC-43C5-84D8-3337568D6331}.Release|Any CPU.Build.0 = Release|Any CPU
	EndGlobalSection
	GlobalSection(SolutionProperties) = preSolution
		HideSolutionNode = FALSE
	EndGlobalSection
	GlobalSection(ExtensibilityGlobals) = postSolution
		SolutionGuid = {4ACEDA81-ED08-4715-B669-0B3D6C0A6C29}
	EndGlobalSection
EndGlobal
