
Microsoft Visual Studio Solution File, Format Version 12.00
# Visual Studio 15
VisualStudioVersion = 15.0.28010.2036
MinimumVisualStudioVersion = 10.0.40219.1
Project("{9A19103F-16F7-4668-BE54-9A1E7A4F7556}") = "fibonacci", "fibonacci\fibonacci.csproj", "{57265234-821F-4284-BF9B-A3700AB7905D}"
EndProject
Project("{FAE04EC0-301F-11D3-BF4B-00C04F79EFBC}") = "XUnitTestProject1", "XUnitTestProject1\XUnitTestProject1.csproj", "{519BC5A1-5693-4144-BFE4-80426B30E123}"
EndProject
Global
	GlobalSection(SolutionConfigurationPlatforms) = preSolution
		Debug|Any CPU = Debug|Any CPU
		Release|Any CPU = Release|Any CPU
	EndGlobalSection
	GlobalSection(ProjectConfigurationPlatforms) = postSolution
		{57265234-821F-4284-BF9B-A3700AB7905D}.Debug|Any CPU.ActiveCfg = Debug|Any CPU
		{57265234-821F-4284-BF9B-A3700AB7905D}.Debug|Any CPU.Build.0 = Debug|Any CPU
		{57265234-821F-4284-BF9B-A3700AB7905D}.Release|Any CPU.ActiveCfg = Release|Any CPU
		{57265234-821F-4284-BF9B-A3700AB7905D}.Release|Any CPU.Build.0 = Release|Any CPU
		{519BC5A1-5693-4144-BFE4-80426B30E123}.Debug|Any CPU.ActiveCfg = Debug|Any CPU
		{519BC5A1-5693-4144-BFE4-80426B30E123}.Debug|Any CPU.Build.0 = Debug|Any CPU
		{519BC5A1-5693-4144-BFE4-80426B30E123}.Release|Any CPU.ActiveCfg = Release|Any CPU
		{519BC5A1-5693-4144-BFE4-80426B30E123}.Release|Any CPU.Build.0 = Release|Any CPU
	EndGlobalSection
	GlobalSection(SolutionProperties) = preSolution
		HideSolutionNode = FALSE
	EndGlobalSection
	GlobalSection(ExtensibilityGlobals) = postSolution
		SolutionGuid = {38BFEF1A-6972-4710-A1CD-7167A1AD2CB7}
	EndGlobalSection
EndGlobal
