
Microsoft Visual Studio Solution File, Format Version 12.00
# Visual Studio 15
VisualStudioVersion = 15.0.28010.2036
MinimumVisualStudioVersion = 10.0.40219.1
Project("{9A19103F-16F7-4668-BE54-9A1E7A4F7556}") = "binarySearch", "binarySearch\binarySearch.csproj", "{1D119C1D-5589-4398-B504-C8072D924AAE}"
EndProject
Project("{FAE04EC0-301F-11D3-BF4B-00C04F79EFBC}") = "arrayBinarySearchTests", "XUnitTestProject1\arrayBinarySearchTests.csproj", "{A82FF880-9B3E-4BD6-B69E-BC7D3D1C5B81}"
EndProject
Global
	GlobalSection(SolutionConfigurationPlatforms) = preSolution
		Debug|Any CPU = Debug|Any CPU
		Release|Any CPU = Release|Any CPU
	EndGlobalSection
	GlobalSection(ProjectConfigurationPlatforms) = postSolution
		{1D119C1D-5589-4398-B504-C8072D924AAE}.Debug|Any CPU.ActiveCfg = Debug|Any CPU
		{1D119C1D-5589-4398-B504-C8072D924AAE}.Debug|Any CPU.Build.0 = Debug|Any CPU
		{1D119C1D-5589-4398-B504-C8072D924AAE}.Release|Any CPU.ActiveCfg = Release|Any CPU
		{1D119C1D-5589-4398-B504-C8072D924AAE}.Release|Any CPU.Build.0 = Release|Any CPU
		{A82FF880-9B3E-4BD6-B69E-BC7D3D1C5B81}.Debug|Any CPU.ActiveCfg = Debug|Any CPU
		{A82FF880-9B3E-4BD6-B69E-BC7D3D1C5B81}.Debug|Any CPU.Build.0 = Debug|Any CPU
		{A82FF880-9B3E-4BD6-B69E-BC7D3D1C5B81}.Release|Any CPU.ActiveCfg = Release|Any CPU
		{A82FF880-9B3E-4BD6-B69E-BC7D3D1C5B81}.Release|Any CPU.Build.0 = Release|Any CPU
	EndGlobalSection
	GlobalSection(SolutionProperties) = preSolution
		HideSolutionNode = FALSE
	EndGlobalSection
	GlobalSection(ExtensibilityGlobals) = postSolution
		SolutionGuid = {0DCF8590-7C40-4604-84C7-94518CC9BBCD}
	EndGlobalSection
EndGlobal
