
Microsoft Visual Studio Solution File, Format Version 12.00
# Visual Studio 15
VisualStudioVersion = 15.0.28010.2036
MinimumVisualStudioVersion = 10.0.40219.1
Project("{9A19103F-16F7-4668-BE54-9A1E7A4F7556}") = "Hashtables", "Hashtables\Hashtables.csproj", "{D670D7A0-F368-4383-8A47-C2B22FC7992C}"
EndProject
Project("{2150E333-8FDC-42A3-9474-1A3956D46DE8}") = "Hashtable", "Hashtable", "{CABBE7E3-97BC-49BA-A773-B7C6691F2222}"
	ProjectSection(SolutionItems) = preProject
		Hashtable.cs = Hashtable.cs
	EndProjectSection
EndProject
Project("{FAE04EC0-301F-11D3-BF4B-00C04F79EFBC}") = "HashtableTests", "HashtableTests\HashtableTests.csproj", "{BC0BF12C-AADB-4C6F-B849-7F02BB6878C9}"
EndProject
Global
	GlobalSection(SolutionConfigurationPlatforms) = preSolution
		Debug|Any CPU = Debug|Any CPU
		Release|Any CPU = Release|Any CPU
	EndGlobalSection
	GlobalSection(ProjectConfigurationPlatforms) = postSolution
		{D670D7A0-F368-4383-8A47-C2B22FC7992C}.Debug|Any CPU.ActiveCfg = Debug|Any CPU
		{D670D7A0-F368-4383-8A47-C2B22FC7992C}.Debug|Any CPU.Build.0 = Debug|Any CPU
		{D670D7A0-F368-4383-8A47-C2B22FC7992C}.Release|Any CPU.ActiveCfg = Release|Any CPU
		{D670D7A0-F368-4383-8A47-C2B22FC7992C}.Release|Any CPU.Build.0 = Release|Any CPU
		{BC0BF12C-AADB-4C6F-B849-7F02BB6878C9}.Debug|Any CPU.ActiveCfg = Debug|Any CPU
		{BC0BF12C-AADB-4C6F-B849-7F02BB6878C9}.Debug|Any CPU.Build.0 = Debug|Any CPU
		{BC0BF12C-AADB-4C6F-B849-7F02BB6878C9}.Release|Any CPU.ActiveCfg = Release|Any CPU
		{BC0BF12C-AADB-4C6F-B849-7F02BB6878C9}.Release|Any CPU.Build.0 = Release|Any CPU
	EndGlobalSection
	GlobalSection(SolutionProperties) = preSolution
		HideSolutionNode = FALSE
	EndGlobalSection
	GlobalSection(ExtensibilityGlobals) = postSolution
		SolutionGuid = {4574FF5A-A587-4CED-BB71-5198E82A505D}
	EndGlobalSection
EndGlobal
