
Microsoft Visual Studio Solution File, Format Version 12.00
# Visual Studio 15
VisualStudioVersion = 15.0.28010.2036
MinimumVisualStudioVersion = 10.0.40219.1
Project("{FAE04EC0-301F-11D3-BF4B-00C04F79EFBC}") = "EenieMeenie", "EenieMeenie\EenieMeenie.csproj", "{464568E1-51DA-4075-9D52-EFD8DE166386}"
EndProject
Project("{FAE04EC0-301F-11D3-BF4B-00C04F79EFBC}") = "EenieMeenieTests", "EenieMeenieTests\EenieMeenieTests.csproj", "{A3A21639-CBA9-46B1-B7AB-2CB2BCC64F54}"
EndProject
Global
	GlobalSection(SolutionConfigurationPlatforms) = preSolution
		Debug|Any CPU = Debug|Any CPU
		Release|Any CPU = Release|Any CPU
	EndGlobalSection
	GlobalSection(ProjectConfigurationPlatforms) = postSolution
		{464568E1-51DA-4075-9D52-EFD8DE166386}.Debug|Any CPU.ActiveCfg = Debug|Any CPU
		{464568E1-51DA-4075-9D52-EFD8DE166386}.Debug|Any CPU.Build.0 = Debug|Any CPU
		{464568E1-51DA-4075-9D52-EFD8DE166386}.Release|Any CPU.ActiveCfg = Release|Any CPU
		{464568E1-51DA-4075-9D52-EFD8DE166386}.Release|Any CPU.Build.0 = Release|Any CPU
		{A3A21639-CBA9-46B1-B7AB-2CB2BCC64F54}.Debug|Any CPU.ActiveCfg = Debug|Any CPU
		{A3A21639-CBA9-46B1-B7AB-2CB2BCC64F54}.Debug|Any CPU.Build.0 = Debug|Any CPU
		{A3A21639-CBA9-46B1-B7AB-2CB2BCC64F54}.Release|Any CPU.ActiveCfg = Release|Any CPU
		{A3A21639-CBA9-46B1-B7AB-2CB2BCC64F54}.Release|Any CPU.Build.0 = Release|Any CPU
	EndGlobalSection
	GlobalSection(SolutionProperties) = preSolution
		HideSolutionNode = FALSE
	EndGlobalSection
	GlobalSection(ExtensibilityGlobals) = postSolution
		SolutionGuid = {1AFE9792-67A3-4C19-9A2B-7569FB93624E}
	EndGlobalSection
EndGlobal
