
Microsoft Visual Studio Solution File, Format Version 12.00
# Visual Studio 15
VisualStudioVersion = 15.0.28010.2036
MinimumVisualStudioVersion = 10.0.40219.1
Project("{FAE04EC0-301F-11D3-BF4B-00C04F79EFBC}") = "QueueWithStacks", "QueueWithStacks\QueueWithStacks.csproj", "{4072DCC4-2959-4614-B121-8DB5306D34EA}"
EndProject
Project("{FAE04EC0-301F-11D3-BF4B-00C04F79EFBC}") = "QueueWithStacksTests", "QueueWithStacksTests\QueueWithStacksTests.csproj", "{6D528055-D8BE-4EAE-9861-95BA9A90A01D}"
EndProject
Global
	GlobalSection(SolutionConfigurationPlatforms) = preSolution
		Debug|Any CPU = Debug|Any CPU
		Release|Any CPU = Release|Any CPU
	EndGlobalSection
	GlobalSection(ProjectConfigurationPlatforms) = postSolution
		{4072DCC4-2959-4614-B121-8DB5306D34EA}.Debug|Any CPU.ActiveCfg = Debug|Any CPU
		{4072DCC4-2959-4614-B121-8DB5306D34EA}.Debug|Any CPU.Build.0 = Debug|Any CPU
		{4072DCC4-2959-4614-B121-8DB5306D34EA}.Release|Any CPU.ActiveCfg = Release|Any CPU
		{4072DCC4-2959-4614-B121-8DB5306D34EA}.Release|Any CPU.Build.0 = Release|Any CPU
		{6D528055-D8BE-4EAE-9861-95BA9A90A01D}.Debug|Any CPU.ActiveCfg = Debug|Any CPU
		{6D528055-D8BE-4EAE-9861-95BA9A90A01D}.Debug|Any CPU.Build.0 = Debug|Any CPU
		{6D528055-D8BE-4EAE-9861-95BA9A90A01D}.Release|Any CPU.ActiveCfg = Release|Any CPU
		{6D528055-D8BE-4EAE-9861-95BA9A90A01D}.Release|Any CPU.Build.0 = Release|Any CPU
	EndGlobalSection
	GlobalSection(SolutionProperties) = preSolution
		HideSolutionNode = FALSE
	EndGlobalSection
	GlobalSection(ExtensibilityGlobals) = postSolution
		SolutionGuid = {5CDD1B40-A251-406C-B993-179E741F7956}
	EndGlobalSection
EndGlobal
