
Microsoft Visual Studio Solution File, Format Version 12.00
# Visual Studio 15
VisualStudioVersion = 15.0.28010.2048
MinimumVisualStudioVersion = 10.0.40219.1
Project("{FAE04EC0-301F-11D3-BF4B-00C04F79EFBC}") = "Merge_Sort", "Merge_Sort\Merge_Sort.csproj", "{0BEAA480-31BF-4418-974E-87AB77CE16A1}"
EndProject
Project("{FAE04EC0-301F-11D3-BF4B-00C04F79EFBC}") = "MergeSort_Tests", "MergeSort_Tests\MergeSort_Tests.csproj", "{117D6477-EBCC-4966-AB61-834BB48E47C7}"
EndProject
Global
	GlobalSection(SolutionConfigurationPlatforms) = preSolution
		Debug|Any CPU = Debug|Any CPU
		Release|Any CPU = Release|Any CPU
	EndGlobalSection
	GlobalSection(ProjectConfigurationPlatforms) = postSolution
		{0BEAA480-31BF-4418-974E-87AB77CE16A1}.Debug|Any CPU.ActiveCfg = Debug|Any CPU
		{0BEAA480-31BF-4418-974E-87AB77CE16A1}.Debug|Any CPU.Build.0 = Debug|Any CPU
		{0BEAA480-31BF-4418-974E-87AB77CE16A1}.Release|Any CPU.ActiveCfg = Release|Any CPU
		{0BEAA480-31BF-4418-974E-87AB77CE16A1}.Release|Any CPU.Build.0 = Release|Any CPU
		{117D6477-EBCC-4966-AB61-834BB48E47C7}.Debug|Any CPU.ActiveCfg = Debug|Any CPU
		{117D6477-EBCC-4966-AB61-834BB48E47C7}.Debug|Any CPU.Build.0 = Debug|Any CPU
		{117D6477-EBCC-4966-AB61-834BB48E47C7}.Release|Any CPU.ActiveCfg = Release|Any CPU
		{117D6477-EBCC-4966-AB61-834BB48E47C7}.Release|Any CPU.Build.0 = Release|Any CPU
	EndGlobalSection
	GlobalSection(SolutionProperties) = preSolution
		HideSolutionNode = FALSE
	EndGlobalSection
	GlobalSection(ExtensibilityGlobals) = postSolution
		SolutionGuid = {E8AED89E-3258-48A5-982A-967C157FB50F}
	EndGlobalSection
EndGlobal
